
Microsoft Visual Studio Solution File, Format Version 12.00
# Visual Studio Version 17
VisualStudioVersion = 17.3.32922.545
MinimumVisualStudioVersion = 10.0.40219.1
Project("{9A19103F-16F7-4668-BE54-9A1E7A4F7556}") = "Business", "Business\Business.csproj", "{D0795180-90E8-475C-8E83-12B6D39DF139}"
EndProject
Project("{9A19103F-16F7-4668-BE54-9A1E7A4F7556}") = "DataAccess", "DataAccess\DataAccess.csproj", "{156E0BFE-4071-4C24-B0AA-5C3F9BC8555F}"
EndProject
Project("{9A19103F-16F7-4668-BE54-9A1E7A4F7556}") = "Entity", "Entity\Entity.csproj", "{32D3E020-32A3-4418-8E57-79F0175E439C}"
EndProject
Project("{FAE04EC0-301F-11D3-BF4B-00C04F79EFBC}") = "E-CommerceAPI", "E-CommerceAPI\E-CommerceAPI.csproj", "{4E052F5B-62AE-403F-9DCE-D0CBC47AAB46}"
EndProject
Global
	GlobalSection(SolutionConfigurationPlatforms) = preSolution
		Debug|Any CPU = Debug|Any CPU
		Release|Any CPU = Release|Any CPU
	EndGlobalSection
	GlobalSection(ProjectConfigurationPlatforms) = postSolution
		{D0795180-90E8-475C-8E83-12B6D39DF139}.Debug|Any CPU.ActiveCfg = Debug|Any CPU
		{D0795180-90E8-475C-8E83-12B6D39DF139}.Debug|Any CPU.Build.0 = Debug|Any CPU
		{D0795180-90E8-475C-8E83-12B6D39DF139}.Release|Any CPU.ActiveCfg = Release|Any CPU
		{D0795180-90E8-475C-8E83-12B6D39DF139}.Release|Any CPU.Build.0 = Release|Any CPU
		{156E0BFE-4071-4C24-B0AA-5C3F9BC8555F}.Debug|Any CPU.ActiveCfg = Debug|Any CPU
		{156E0BFE-4071-4C24-B0AA-5C3F9BC8555F}.Debug|Any CPU.Build.0 = Debug|Any CPU
		{156E0BFE-4071-4C24-B0AA-5C3F9BC8555F}.Release|Any CPU.ActiveCfg = Release|Any CPU
		{156E0BFE-4071-4C24-B0AA-5C3F9BC8555F}.Release|Any CPU.Build.0 = Release|Any CPU
		{32D3E020-32A3-4418-8E57-79F0175E439C}.Debug|Any CPU.ActiveCfg = Debug|Any CPU
		{32D3E020-32A3-4418-8E57-79F0175E439C}.Debug|Any CPU.Build.0 = Debug|Any CPU
		{32D3E020-32A3-4418-8E57-79F0175E439C}.Release|Any CPU.ActiveCfg = Release|Any CPU
		{32D3E020-32A3-4418-8E57-79F0175E439C}.Release|Any CPU.Build.0 = Release|Any CPU
		{4E052F5B-62AE-403F-9DCE-D0CBC47AAB46}.Debug|Any CPU.ActiveCfg = Debug|Any CPU
		{4E052F5B-62AE-403F-9DCE-D0CBC47AAB46}.Debug|Any CPU.Build.0 = Debug|Any CPU
		{4E052F5B-62AE-403F-9DCE-D0CBC47AAB46}.Release|Any CPU.ActiveCfg = Release|Any CPU
		{4E052F5B-62AE-403F-9DCE-D0CBC47AAB46}.Release|Any CPU.Build.0 = Release|Any CPU
	EndGlobalSection
	GlobalSection(SolutionProperties) = preSolution
		HideSolutionNode = FALSE
	EndGlobalSection
	GlobalSection(ExtensibilityGlobals) = postSolution
		SolutionGuid = {EAF2D824-3853-4B4C-BF5D-1845046491BF}
	EndGlobalSection
EndGlobal
